
Microsoft Visual Studio Solution File, Format Version 12.00
Project("{FAE04EC0-301F-11D3-BF4B-00C04F79EFBC}") = "Moderation", "Moderation\Moderation.csproj", "{00F4410D-588F-4D35-9AC8-001E9BE806A8}"
EndProject
Project("{FAE04EC0-301F-11D3-BF4B-00C04F79EFBC}") = "ModerationTest", "ModerationTest\ModerationTest.csproj", "{F64290C2-0573-441B-9434-96E49AF30161}"
EndProject
Global
	GlobalSection(SolutionConfigurationPlatforms) = preSolution
		Debug|Any CPU = Debug|Any CPU
		Release|Any CPU = Release|Any CPU
	EndGlobalSection
	GlobalSection(ProjectConfigurationPlatforms) = postSolution
		{00F4410D-588F-4D35-9AC8-001E9BE806A8}.Debug|Any CPU.ActiveCfg = Debug|Any CPU
		{00F4410D-588F-4D35-9AC8-001E9BE806A8}.Debug|Any CPU.Build.0 = Debug|Any CPU
		{00F4410D-588F-4D35-9AC8-001E9BE806A8}.Release|Any CPU.ActiveCfg = Release|Any CPU
		{00F4410D-588F-4D35-9AC8-001E9BE806A8}.Release|Any CPU.Build.0 = Release|Any CPU
		{F64290C2-0573-441B-9434-96E49AF30161}.Debug|Any CPU.ActiveCfg = Debug|Any CPU
		{F64290C2-0573-441B-9434-96E49AF30161}.Debug|Any CPU.Build.0 = Debug|Any CPU
		{F64290C2-0573-441B-9434-96E49AF30161}.Release|Any CPU.ActiveCfg = Release|Any CPU
		{F64290C2-0573-441B-9434-96E49AF30161}.Release|Any CPU.Build.0 = Release|Any CPU
	EndGlobalSection
EndGlobal
